
Microsoft Visual Studio Solution File, Format Version 12.00
# Visual Studio 2013
VisualStudioVersion = 12.0.30501.0
MinimumVisualStudioVersion = 10.0.40219.1
Project("{FAE04EC0-301F-11D3-BF4B-00C04F79EFBC}") = "kRPClient", "kRPClient\kRPClient.csproj", "{946D2533-3E4C-4F28-934B-C24BBA13D1A4}"
EndProject
Project("{FAE04EC0-301F-11D3-BF4B-00C04F79EFBC}") = "kRPCLib", "kRPCLib\kRPCLib.csproj", "{BF92F621-90FA-4857-963C-AF342DAEAA59}"
EndProject
Project("{FAE04EC0-301F-11D3-BF4B-00C04F79EFBC}") = "LibTests", "LibTests\LibTests.csproj", "{1F49A517-E420-4E08-BC24-F341376074AE}"
EndProject
Global
	GlobalSection(SolutionConfigurationPlatforms) = preSolution
		Debug|Any CPU = Debug|Any CPU
		Release|Any CPU = Release|Any CPU
	EndGlobalSection
	GlobalSection(ProjectConfigurationPlatforms) = postSolution
		{946D2533-3E4C-4F28-934B-C24BBA13D1A4}.Debug|Any CPU.ActiveCfg = Debug|Any CPU
		{946D2533-3E4C-4F28-934B-C24BBA13D1A4}.Debug|Any CPU.Build.0 = Debug|Any CPU
		{946D2533-3E4C-4F28-934B-C24BBA13D1A4}.Release|Any CPU.ActiveCfg = Release|Any CPU
		{946D2533-3E4C-4F28-934B-C24BBA13D1A4}.Release|Any CPU.Build.0 = Release|Any CPU
		{BF92F621-90FA-4857-963C-AF342DAEAA59}.Debug|Any CPU.ActiveCfg = Debug|Any CPU
		{BF92F621-90FA-4857-963C-AF342DAEAA59}.Debug|Any CPU.Build.0 = Debug|Any CPU
		{BF92F621-90FA-4857-963C-AF342DAEAA59}.Release|Any CPU.ActiveCfg = Release|Any CPU
		{BF92F621-90FA-4857-963C-AF342DAEAA59}.Release|Any CPU.Build.0 = Release|Any CPU
		{1F49A517-E420-4E08-BC24-F341376074AE}.Debug|Any CPU.ActiveCfg = Debug|Any CPU
		{1F49A517-E420-4E08-BC24-F341376074AE}.Debug|Any CPU.Build.0 = Debug|Any CPU
		{1F49A517-E420-4E08-BC24-F341376074AE}.Release|Any CPU.ActiveCfg = Release|Any CPU
		{1F49A517-E420-4E08-BC24-F341376074AE}.Release|Any CPU.Build.0 = Release|Any CPU
	EndGlobalSection
	GlobalSection(SolutionProperties) = preSolution
		HideSolutionNode = FALSE
	EndGlobalSection
EndGlobal
